
Microsoft Visual Studio Solution File, Format Version 12.00
# Visual Studio Version 16
VisualStudioVersion = 16.0.29306.81
MinimumVisualStudioVersion = 10.0.40219.1
Project("{FAE04EC0-301F-11D3-BF4B-00C04F79EFBC}") = "eLibrary", "eLibrary\eLibrary.csproj", "{21B9FF44-D310-4444-A5D1-93094D971255}"
EndProject
Global
	GlobalSection(SolutionConfigurationPlatforms) = preSolution
		Debug|Any CPU = Debug|Any CPU
		Release|Any CPU = Release|Any CPU
	EndGlobalSection
	GlobalSection(ProjectConfigurationPlatforms) = postSolution
		{21B9FF44-D310-4444-A5D1-93094D971255}.Debug|Any CPU.ActiveCfg = Debug|Any CPU
		{21B9FF44-D310-4444-A5D1-93094D971255}.Debug|Any CPU.Build.0 = Debug|Any CPU
		{21B9FF44-D310-4444-A5D1-93094D971255}.Release|Any CPU.ActiveCfg = Release|Any CPU
		{21B9FF44-D310-4444-A5D1-93094D971255}.Release|Any CPU.Build.0 = Release|Any CPU
	EndGlobalSection
	GlobalSection(SolutionProperties) = preSolution
		HideSolutionNode = FALSE
	EndGlobalSection
	GlobalSection(ExtensibilityGlobals) = postSolution
		SolutionGuid = {C3B7ACD1-DE81-4A20-B841-AF5D16112B5B}
	EndGlobalSection
EndGlobal
